<?xml version="1.0" encoding="utf-8"?>
<Project ToolsVersion="4.0" xmlns="http://schemas.microsoft.com/developer/msbuild/2003">
  <ItemGroup>
    <Filter Include="Source Files">
      <UniqueIdentifier>{4FC737F1-C7A5-4376-A066-2A32D752A2FF}</UniqueIdentifier>
      <Extensions>cpp;c;cc;cxx;c++;cppm;ixx;def;odl;idl;hpj;bat;asm;asmx</Extensions>
    </Filter>
    <Filter Include="Header Files">
      <UniqueIdentifier>{93995380-89BD-4b04-88EB-625FBE52EBFB}</UniqueIdentifier>
      <Extensions>h;hh;hpp;hxx;h++;hm;inl;inc;ipp;xsd</Extensions>
    </Filter>
    <Filter Include="Resource Files">
      <UniqueIdentifier>{67DA6AB6-F800-4c08-8B7A-83BB121AAD01}</UniqueIdentifier>
      <Extensions>rc;ico;cur;bmp;dlg;rc2;rct;bin;rgs;gif;jpg;jpeg;jpe;resx;tiff;tif;png;wav;mfcribbon-ms</Extensions>
    </Filter>
  </ItemGroup>
  <ItemGroup>
    <ClCompile Include="BlockSnake.cpp">
      <Filter>Source Files</Filter>
    </ClCompile>
    <ClCompile Include="CentralViewScreen.cpp">
      <Filter>Source Files</Filter>
    </ClCompile>
    <ClCompile Include="ChallengeVisual.cpp">
      <Filter>Source Files</Filter>
    </ClCompile>
    <ClCompile Include="Digits.cpp">
      <Filter>Source Files</Filter>
    </ClCompile>
    <ClCompile Include="Endianness.cpp">
      <Filter>Source Files</Filter>
    </ClCompile>
    <ClCompile Include="FileOutputStream.cpp">
      <Filter>Source Files</Filter>
    </ClCompile>
    <ClCompile Include="Game.cpp">
      <Filter>Source Files</Filter>
    </ClCompile>
    <ClCompile Include="GameDrawable.cpp">
      <Filter>Source Files</Filter>
    </ClCompile>
    <ClCompile Include="GameImpl.cpp">
      <Filter>Source Files</Filter>
    </ClCompile>
    <ClCompile Include="GraphicalUtility.cpp">
      <Filter>Source Files</Filter>
    </ClCompile>
    <ClCompile Include="LanguageLoader.cpp">
      <Filter>Source Files</Filter>
    </ClCompile>
    <ClCompile Include="Levels.cpp">
      <Filter>Source Files</Filter>
    </ClCompile>
    <ClCompile Include="LevelStatistics.cpp">
      <Filter>Source Files</Filter>
    </ClCompile>
    <ClCompile Include="Main.cpp">
      <Filter>Source Files</Filter>
    </ClCompile>
    <ClCompile Include="MemoryOutputStream.cpp">
      <Filter>Source Files</Filter>
    </ClCompile>
    <ClCompile Include="ObjectBehaviour.cpp">
      <Filter>Source Files</Filter>
    </ClCompile>
    <ClCompile Include="ObjectBehaviourLoader.cpp">
      <Filter>Source Files</Filter>
    </ClCompile>
    <ClCompile Include="ObjParamEnumUtility.cpp">
      <Filter>Source Files</Filter>
    </ClCompile>
    <ClCompile Include="ParticleSystem.cpp">
      <Filter>Source Files</Filter>
    </ClCompile>
    <ClCompile Include="PausableClock.cpp">
      <Filter>Source Files</Filter>
    </ClCompile>
    <ClCompile Include="RandomizerImpl.cpp">
      <Filter>Source Files</Filter>
    </ClCompile>
    <ClCompile Include="sha256.cpp">
      <Filter>Source Files</Filter>
    </ClCompile>
    <ClCompile Include="SnakeDrawable.cpp">
      <Filter>Source Files</Filter>
    </ClCompile>
    <ClCompile Include="SnakeWorld.cpp">
      <Filter>Source Files</Filter>
    </ClCompile>
    <ClCompile Include="SoundPlayer.cpp">
      <Filter>Source Files</Filter>
    </ClCompile>
    <ClCompile Include="SoundThrower.cpp">
      <Filter>Source Files</Filter>
    </ClCompile>
    <ClCompile Include="SpriteArray.cpp">
      <Filter>Source Files</Filter>
    </ClCompile>
    <ClCompile Include="TextureLoader.cpp">
      <Filter>Source Files</Filter>
    </ClCompile>
  </ItemGroup>
  <ItemGroup>
    <ClInclude Include="AttribEnums.hpp">
      <Filter>Header Files</Filter>
    </ClInclude>
    <ClInclude Include="AudioEnums.hpp">
      <Filter>Header Files</Filter>
    </ClInclude>
    <ClInclude Include="BasicUtility.hpp">
      <Filter>Header Files</Filter>
    </ClInclude>
    <ClInclude Include="BlockSnake.hpp">
      <Filter>Header Files</Filter>
    </ClInclude>
    <ClInclude Include="CentralViewScreen.hpp">
      <Filter>Header Files</Filter>
    </ClInclude>
    <ClInclude Include="ChallengeVisual.hpp">
      <Filter>Header Files</Filter>
    </ClInclude>
    <ClInclude Include="Constants.hpp">
      <Filter>Header Files</Filter>
    </ClInclude>
    <ClInclude Include="Digits.hpp">
      <Filter>Header Files</Filter>
    </ClInclude>
    <ClInclude Include="EatableItem.hpp">
      <Filter>Header Files</Filter>
    </ClInclude>
    <ClInclude Include="Endianness.hpp">
      <Filter>Header Files</Filter>
    </ClInclude>
    <ClInclude Include="EventEnums.hpp">
      <Filter>Header Files</Filter>
    </ClInclude>
    <ClInclude Include="EventProcessor.hpp">
      <Filter>Header Files</Filter>
    </ClInclude>
    <ClInclude Include="ExternalConstants.hpp">
      <Filter>Header Files</Filter>
    </ClInclude>
    <ClInclude Include="FenwickTree.hpp">
      <Filter>Header Files</Filter>
    </ClInclude>
    <ClInclude Include="FileOutputStream.hpp">
      <Filter>Header Files</Filter>
    </ClInclude>
    <ClInclude Include="FilePaths.hpp">
      <Filter>Header Files</Filter>
    </ClInclude>
    <ClInclude Include="Game.hpp">
      <Filter>Header Files</Filter>
    </ClInclude>
    <ClInclude Include="GameDrawable.hpp">
      <Filter>Header Files</Filter>
    </ClInclude>
    <ClInclude Include="GameImpl.hpp">
      <Filter>Header Files</Filter>
    </ClInclude>
    <ClInclude Include="GraphicalEnums.hpp">
      <Filter>Header Files</Filter>
    </ClInclude>
    <ClInclude Include="GraphicalUtility.hpp">
      <Filter>Header Files</Filter>
    </ClInclude>
    <ClInclude Include="InterfaceEnums.hpp">
      <Filter>Header Files</Filter>
    </ClInclude>
    <ClInclude Include="LanguageEnums.hpp">
      <Filter>Header Files</Filter>
    </ClInclude>
    <ClInclude Include="LanguageLoader.hpp">
      <Filter>Header Files</Filter>
    </ClInclude>
    <ClInclude Include="LevelElements.hpp">
      <Filter>Header Files</Filter>
    </ClInclude>
    <ClInclude Include="Levels.hpp">
      <Filter>Header Files</Filter>
    </ClInclude>
    <ClInclude Include="LevelStatistics.hpp">
      <Filter>Header Files</Filter>
    </ClInclude>
    <ClInclude Include="LinguisticUtility.hpp">
      <Filter>Header Files</Filter>
    </ClInclude>
    <ClInclude Include="Map.hpp">
      <Filter>Header Files</Filter>
    </ClInclude>
    <ClInclude Include="MemoryOutputStream.hpp">
      <Filter>Header Files</Filter>
    </ClInclude>
    <ClInclude Include="MiscEnum.hpp">
      <Filter>Header Files</Filter>
    </ClInclude>
    <ClInclude Include="ObjectBehaviour.hpp">
      <Filter>Header Files</Filter>
    </ClInclude>
    <ClInclude Include="ObjectBehaviourLoader.hpp">
      <Filter>Header Files</Filter>
    </ClInclude>
    <ClInclude Include="ObjectEnums.hpp">
      <Filter>Header Files</Filter>
    </ClInclude>
    <ClInclude Include="ObjectParameterEnums.hpp">
      <Filter>Header Files</Filter>
    </ClInclude>
    <ClInclude Include="ObjParamEnumUtility.hpp">
      <Filter>Header Files</Filter>
    </ClInclude>
    <ClInclude Include="Orientation.hpp">
      <Filter>Header Files</Filter>
    </ClInclude>
    <ClInclude Include="OutputStream.hpp">
      <Filter>Header Files</Filter>
    </ClInclude>
    <ClInclude Include="ParticleSystem.hpp">
      <Filter>Header Files</Filter>
    </ClInclude>
    <ClInclude Include="PausableClock.hpp">
      <Filter>Header Files</Filter>
    </ClInclude>
    <ClInclude Include="Randomizer.hpp">
      <Filter>Header Files</Filter>
    </ClInclude>
    <ClInclude Include="RandomizerImpl.hpp">
      <Filter>Header Files</Filter>
    </ClInclude>
    <ClInclude Include="sha256.hpp">
      <Filter>Header Files</Filter>
    </ClInclude>
    <ClInclude Include="SnakeDrawable.hpp">
      <Filter>Header Files</Filter>
    </ClInclude>
    <ClInclude Include="SnakeWorld.hpp">
      <Filter>Header Files</Filter>
    </ClInclude>
    <ClInclude Include="SoundPlayer.hpp">
      <Filter>Header Files</Filter>
    </ClInclude>
    <ClInclude Include="SoundThrower.hpp">
      <Filter>Header Files</Filter>
    </ClInclude>
    <ClInclude Include="SpriteArray.hpp">
      <Filter>Header Files</Filter>
    </ClInclude>
    <ClInclude Include="TextureLoader.hpp">
      <Filter>Header Files</Filter>
    </ClInclude>
    <ClInclude Include="Word.hpp">
      <Filter>Header Files</Filter>
    </ClInclude>
  </ItemGroup>
</Project>